<Solution>
  <Folder Name="/Art/">
    <File Path="Art/JumpSaves.png" />
    <File Path="Art/JumpSavesCLI.png" />
  </Folder>
  <Folder Name="/Solution Items/">
    <File Path="LICENSE.txt" />
  </Folder>
  <Project Path="JSL/JSL.csproj" Id="eed5b172-1e66-466c-8e86-bae5cf7f58b1" />
  <Project Path="JumpSaves/JumpSaves.csproj" Id="97289245-324a-4a13-ae1d-53110295ab3e" />
  <Project Path="JumpSavesCLI/JumpSavesCLI.csproj" Id="4c12c2b0-194d-4d0e-953c-4378b5e60d35" />
</Solution>
